
Microsoft Visual Studio Solution File, Format Version 12.00
# Visual Studio Version 16
VisualStudioVersion = 16.0.30907.101
MinimumVisualStudioVersion = 10.0.40219.1
Project("{FAE04EC0-301F-11D3-BF4B-00C04F79EFBC}") = "MavLinkReader", "MavLinkReader.csproj", "{84FC9D05-A0D2-405F-B7CA-7F20468EEEDF}"
EndProject
Global
	GlobalSection(SolutionConfigurationPlatforms) = preSolution
		Debug|Any CPU = Debug|Any CPU
		Release|Any CPU = Release|Any CPU
	EndGlobalSection
	GlobalSection(ProjectConfigurationPlatforms) = postSolution
		{84FC9D05-A0D2-405F-B7CA-7F20468EEEDF}.Debug|Any CPU.ActiveCfg = Debug|Any CPU
		{84FC9D05-A0D2-405F-B7CA-7F20468EEEDF}.Debug|Any CPU.Build.0 = Debug|Any CPU
		{84FC9D05-A0D2-405F-B7CA-7F20468EEEDF}.Release|Any CPU.ActiveCfg = Release|Any CPU
		{84FC9D05-A0D2-405F-B7CA-7F20468EEEDF}.Release|Any CPU.Build.0 = Release|Any CPU
	EndGlobalSection
	GlobalSection(SolutionProperties) = preSolution
		HideSolutionNode = FALSE
	EndGlobalSection
	GlobalSection(ExtensibilityGlobals) = postSolution
		SolutionGuid = {2FAA2D06-92A4-49C3-A54E-A4B866E62BA2}
	EndGlobalSection
EndGlobal
